{
  "name": "@semantizer/core-rdfjs",
  "version": "1.0.0-beta.2.1.0",
  "lockfileVersion": 3,
  "requires": true,
  "packages": {
    "": {
      "name": "@semantizer/core-rdfjs",
      "version": "1.0.0-beta.2.1.0",
      "license": "MIT",
      "dependencies": {
        "@semantizer/rdfjs-dataset-impl": "beta"
      },
      "devDependencies": {
        "@semantizer/types": "beta",
        "typescript": "^5.5.2"
      }
    },
    "node_modules/@rdfjs/dataset": {
      "version": "2.0.2",
      "resolved": "https://registry.npmjs.org/@rdfjs/dataset/-/dataset-2.0.2.tgz",
      "integrity": "sha512-6YJx+5n5Uxzq9dd9I0GGcIo6eopZOPfcsAfxSGX5d+YBzDgVa1cbtEBFnaPyPKiQsOm4+Cr3nwypjpg02YKPlA==",
      "bin": {
        "rdfjs-dataset-test": "bin/test.js"
      }
    },
    "node_modules/@rdfjs/normalize": {
      "version": "2.0.3",
      "resolved": "https://registry.npmjs.org/@rdfjs/normalize/-/normalize-2.0.3.tgz",
      "integrity": "sha512-Zklg33Uc2R0wYiYw/OAe7IA3548h/EmN7Pf/RAj6gxkx5juRqbkMmjXYoYlFrV1ug4z1qC4RLgr69juA81kTGA==",
      "dependencies": {
        "rdf-canonize": "^4.0.1"
      }
    },
    "node_modules/@rdfjs/to-ntriples": {
      "version": "3.0.1",
      "resolved": "https://registry.npmjs.org/@rdfjs/to-ntriples/-/to-ntriples-3.0.1.tgz",
      "integrity": "sha512-gjoPAvh4j7AbGMjcDn/8R4cW+d/FPtbfbMM0uQXkyfBFtNUW2iVgrqsgJ65roLc54Y9A2TTFaeeTGSvY9a0HCQ=="
    },
    "node_modules/@semantizer/rdfjs-dataset-impl": {
      "version": "1.0.0-beta.1",
      "resolved": "https://registry.npmjs.org/@semantizer/rdfjs-dataset-impl/-/rdfjs-dataset-impl-1.0.0-beta.1.tgz",
      "integrity": "sha512-V20VMvpdonMqHlmdASYf+3JMKD5+r+HNU9IYPQo/Fu0R9iNHJs3rOvY2lZLnpApquZEmhAy/wLA3s/LcAGil6Q==",
      "dependencies": {
        "@rdfjs/dataset": "^2.0.2",
        "@rdfjs/normalize": "^2.0.3",
        "@rdfjs/to-ntriples": "^3.0.1"
      }
    },
    "node_modules/@semantizer/types": {
      "version": "1.0.0-beta.2.0.0",
      "resolved": "https://registry.npmjs.org/@semantizer/types/-/types-1.0.0-beta.2.0.0.tgz",
      "integrity": "sha512-f2TcDQB5NzwdwGfnfV6lRwwn4S8dMKDWp9u+88a6dS6VHtO4ewOF2cCAwHSz7av+osFK9yfI1TsQPV6yP/05Cg==",
      "dev": true
    },
    "node_modules/rdf-canonize": {
      "version": "4.0.1",
      "resolved": "https://registry.npmjs.org/rdf-canonize/-/rdf-canonize-4.0.1.tgz",
      "integrity": "sha512-B5ynHt4sasbUafzrvYI2GFARgeFcD8Sx9yXPbg7gEyT2EH76rlCv84kyO6tnxzVbxUN/uJDbK1S/MXh+DsnuTA==",
      "dependencies": {
        "setimmediate": "^1.0.5"
      },
      "engines": {
        "node": ">=18"
      }
    },
    "node_modules/setimmediate": {
      "version": "1.0.5",
      "resolved": "https://registry.npmjs.org/setimmediate/-/setimmediate-1.0.5.tgz",
      "integrity": "sha512-MATJdZp8sLqDl/68LfQmbP8zKPLQNV6BIZoIgrscFDQ+RsvK/BxeDQOgyxKKoh0y/8h3BqVFnCqQ/gd+reiIXA=="
    },
    "node_modules/typescript": {
      "version": "5.8.3",
      "resolved": "https://registry.npmjs.org/typescript/-/typescript-5.8.3.tgz",
      "integrity": "sha512-p1diW6TqL9L07nNxvRMM7hMMw4c5XOo/1ibL4aAIGmSAt9slTE1Xgw5KWuof2uTOvCg9BY7ZRi+GaF+7sfgPeQ==",
      "dev": true,
      "bin": {
        "tsc": "bin/tsc",
        "tsserver": "bin/tsserver"
      },
      "engines": {
        "node": ">=14.17"
      }
    }
  }
}
