{
  "name": "@semantizer/mixin-solid-changelog-n3",
  "version": "1.0.0",
  "lockfileVersion": 3,
  "requires": true,
  "packages": {
    "": {
      "name": "@semantizer/mixin-solid-changelog-n3",
      "version": "1.0.0",
      "license": "MIT",
      "dependencies": {
        "@semantizer/mixin-changelog": "^1.0.0"
      },
      "devDependencies": {
        "@semantizer/types": "^1.0.0-beta.2",
        "typescript": "^5.5.2"
      }
    },
    "../../packages/types": {
      "name": "@semantizer/types",
      "version": "1.0.0-beta.2",
      "dev": true,
      "license": "MIT",
      "devDependencies": {
        "@rdfjs/types": "^2.0.0",
        "typescript": "^5.5.2"
      }
    },
    "../../packages/types/node_modules/@rdfjs/types": {
      "version": "2.0.0",
      "dev": true,
      "license": "MIT",
      "dependencies": {
        "@types/node": "*"
      }
    },
    "../../packages/types/node_modules/@types/node": {
      "version": "22.10.5",
      "dev": true,
      "license": "MIT",
      "dependencies": {
        "undici-types": "~6.20.0"
      }
    },
    "../../packages/types/node_modules/typescript": {
      "version": "5.7.3",
      "dev": true,
      "license": "Apache-2.0",
      "bin": {
        "tsc": "bin/tsc",
        "tsserver": "bin/tsserver"
      },
      "engines": {
        "node": ">=14.17"
      }
    },
    "../../packages/types/node_modules/undici-types": {
      "version": "6.20.0",
      "dev": true,
      "license": "MIT"
    },
    "../changelog": {
      "name": "@semantizer/mixin-changelog",
      "version": "1.0.0",
      "license": "MIT",
      "devDependencies": {
        "@semantizer/types": "^1.0.0-beta.2",
        "typescript": "^5.5.2"
      }
    },
    "../changelog/node_modules/@semantizer/types": {
      "resolved": "../../packages/types",
      "link": true
    },
    "../changelog/node_modules/typescript": {
      "version": "5.7.2",
      "dev": true,
      "license": "Apache-2.0",
      "bin": {
        "tsc": "bin/tsc",
        "tsserver": "bin/tsserver"
      },
      "engines": {
        "node": ">=14.17"
      }
    },
    "node_modules/@semantizer/mixin-changelog": {
      "resolved": "../changelog",
      "link": true
    },
    "node_modules/@semantizer/types": {
      "resolved": "../../packages/types",
      "link": true
    },
    "node_modules/typescript": {
      "version": "5.7.2",
      "dev": true,
      "license": "Apache-2.0",
      "bin": {
        "tsc": "bin/tsc",
        "tsserver": "bin/tsserver"
      },
      "engines": {
        "node": ">=14.17"
      }
    }
  }
}
